
Microsoft Visual Studio Solution File, Format Version 12.00
# Visual Studio Version 16
VisualStudioVersion = 16.0.31424.327
MinimumVisualStudioVersion = 10.0.40219.1
Project("{FAE04EC0-301F-11D3-BF4B-00C04F79EFBC}") = "WriterFile.Api", "src\WriterFile.Api\WriterFile.Api.csproj", "{1258A52B-3D80-40F7-ABB3-DF58044B1997}"
EndProject
Global
	GlobalSection(SolutionConfigurationPlatforms) = preSolution
		Debug|Any CPU = Debug|Any CPU
		Release|Any CPU = Release|Any CPU
	EndGlobalSection
	GlobalSection(ProjectConfigurationPlatforms) = postSolution
		{1258A52B-3D80-40F7-ABB3-DF58044B1997}.Debug|Any CPU.ActiveCfg = Debug|Any CPU
		{1258A52B-3D80-40F7-ABB3-DF58044B1997}.Debug|Any CPU.Build.0 = Debug|Any CPU
		{1258A52B-3D80-40F7-ABB3-DF58044B1997}.Release|Any CPU.ActiveCfg = Release|Any CPU
		{1258A52B-3D80-40F7-ABB3-DF58044B1997}.Release|Any CPU.Build.0 = Release|Any CPU
	EndGlobalSection
	GlobalSection(SolutionProperties) = preSolution
		HideSolutionNode = FALSE
	EndGlobalSection
	GlobalSection(ExtensibilityGlobals) = postSolution
		SolutionGuid = {42BF5195-E1CB-4156-9C8D-9EA94AFDBB0A}
	EndGlobalSection
EndGlobal
